
Microsoft Visual Studio Solution File, Format Version 12.00
# Visual Studio Version 16
VisualStudioVersion = 16.0.28803.352
MinimumVisualStudioVersion = 10.0.40219.1
Project("{FAE04EC0-301F-11D3-BF4B-00C04F79EFBC}") = "Skeet_ex_1", "Skeet_ex_1\Skeet_ex_1.csproj", "{7D456CD9-D251-4B1B-9218-FD14CAC59195}"
EndProject
Project("{FAE04EC0-301F-11D3-BF4B-00C04F79EFBC}") = "Delegate_Value-ref_type", "Delegate_Value-ref_type\Delegate_Value-ref_type.csproj", "{53ACB380-C562-4F61-912C-7C13B8F39001}"
EndProject
Global
	GlobalSection(SolutionConfigurationPlatforms) = preSolution
		Debug|Any CPU = Debug|Any CPU
		Release|Any CPU = Release|Any CPU
	EndGlobalSection
	GlobalSection(ProjectConfigurationPlatforms) = postSolution
		{7D456CD9-D251-4B1B-9218-FD14CAC59195}.Debug|Any CPU.ActiveCfg = Debug|Any CPU
		{7D456CD9-D251-4B1B-9218-FD14CAC59195}.Debug|Any CPU.Build.0 = Debug|Any CPU
		{7D456CD9-D251-4B1B-9218-FD14CAC59195}.Release|Any CPU.ActiveCfg = Release|Any CPU
		{7D456CD9-D251-4B1B-9218-FD14CAC59195}.Release|Any CPU.Build.0 = Release|Any CPU
		{53ACB380-C562-4F61-912C-7C13B8F39001}.Debug|Any CPU.ActiveCfg = Debug|Any CPU
		{53ACB380-C562-4F61-912C-7C13B8F39001}.Debug|Any CPU.Build.0 = Debug|Any CPU
		{53ACB380-C562-4F61-912C-7C13B8F39001}.Release|Any CPU.ActiveCfg = Release|Any CPU
		{53ACB380-C562-4F61-912C-7C13B8F39001}.Release|Any CPU.Build.0 = Release|Any CPU
	EndGlobalSection
	GlobalSection(SolutionProperties) = preSolution
		HideSolutionNode = FALSE
	EndGlobalSection
	GlobalSection(ExtensibilityGlobals) = postSolution
		SolutionGuid = {2DC6217D-363B-44B3-8D50-F49266CA6F2C}
	EndGlobalSection
EndGlobal
